
Microsoft Visual Studio Solution File, Format Version 12.00
# Visual Studio Version 16
VisualStudioVersion = 16.0.30011.22
MinimumVisualStudioVersion = 10.0.40219.1
Project("{FAE04EC0-301F-11D3-BF4B-00C04F79EFBC}") = "chinesezodiac", "chinesezodiac\chinesezodiac.csproj", "{1BD0C822-9555-4BCB-9D28-FD0423932C1E}"
EndProject
Global
	GlobalSection(SolutionConfigurationPlatforms) = preSolution
		Debug|Any CPU = Debug|Any CPU
		Release|Any CPU = Release|Any CPU
	EndGlobalSection
	GlobalSection(ProjectConfigurationPlatforms) = postSolution
		{1BD0C822-9555-4BCB-9D28-FD0423932C1E}.Debug|Any CPU.ActiveCfg = Debug|Any CPU
		{1BD0C822-9555-4BCB-9D28-FD0423932C1E}.Debug|Any CPU.Build.0 = Debug|Any CPU
		{1BD0C822-9555-4BCB-9D28-FD0423932C1E}.Release|Any CPU.ActiveCfg = Release|Any CPU
		{1BD0C822-9555-4BCB-9D28-FD0423932C1E}.Release|Any CPU.Build.0 = Release|Any CPU
	EndGlobalSection
	GlobalSection(SolutionProperties) = preSolution
		HideSolutionNode = FALSE
	EndGlobalSection
	GlobalSection(ExtensibilityGlobals) = postSolution
		SolutionGuid = {81B7FD91-5898-42B6-8F86-B37786C1856E}
	EndGlobalSection
EndGlobal
